
Microsoft Visual Studio Solution File, Format Version 12.00
# Visual Studio Version 17
VisualStudioVersion = 17.6.33815.320
MinimumVisualStudioVersion = 10.0.40219.1
Project("{FAE04EC0-301F-11D3-BF4B-00C04F79EFBC}") = "WinFormsApp2", "WinFormsApp2.csproj", "{46397B6A-77EF-4E17-9C3E-0A3ADA68C1D7}"
EndProject
Global
	GlobalSection(SolutionConfigurationPlatforms) = preSolution
		Debug|Any CPU = Debug|Any CPU
		Release|Any CPU = Release|Any CPU
	EndGlobalSection
	GlobalSection(ProjectConfigurationPlatforms) = postSolution
		{46397B6A-77EF-4E17-9C3E-0A3ADA68C1D7}.Debug|Any CPU.ActiveCfg = Debug|Any CPU
		{46397B6A-77EF-4E17-9C3E-0A3ADA68C1D7}.Debug|Any CPU.Build.0 = Debug|Any CPU
		{46397B6A-77EF-4E17-9C3E-0A3ADA68C1D7}.Release|Any CPU.ActiveCfg = Release|Any CPU
		{46397B6A-77EF-4E17-9C3E-0A3ADA68C1D7}.Release|Any CPU.Build.0 = Release|Any CPU
	EndGlobalSection
	GlobalSection(SolutionProperties) = preSolution
		HideSolutionNode = FALSE
	EndGlobalSection
	GlobalSection(ExtensibilityGlobals) = postSolution
		SolutionGuid = {88163DD1-379A-47B1-8611-9E71D3853989}
	EndGlobalSection
EndGlobal
